
Microsoft Visual Studio Solution File, Format Version 12.00
# Visual Studio Version 17
VisualStudioVersion = 17.8.34330.188
MinimumVisualStudioVersion = 10.0.40219.1
Project("{2150E333-8FDC-42A3-9474-1A3956D46DE8}") = "Microservices", "Microservices", "{8AE5DCE5-0786-4711-A69E-16BD8E3E9DCB}"
EndProject
Project("{2150E333-8FDC-42A3-9474-1A3956D46DE8}") = "Domain", "Domain", "{3C1D3B32-84D2-4F95-AC3B-85E4D01F22C9}"
EndProject
Project("{2150E333-8FDC-42A3-9474-1A3956D46DE8}") = "Infra.Bus", "Infra.Bus", "{B3625168-7AC1-4981-AA87-FA20B9E45E14}"
EndProject
Project("{2150E333-8FDC-42A3-9474-1A3956D46DE8}") = "Infra.IoC", "Infra.IoC", "{D6F1007F-F8A4-4E86-943F-4A9C958EEEB6}"
EndProject
Project("{2150E333-8FDC-42A3-9474-1A3956D46DE8}") = "Presentation", "Presentation", "{8261D900-78BE-49E6-BB2C-3CD6821A1E7A}"
EndProject
Project("{FAE04EC0-301F-11D3-BF4B-00C04F79EFBC}") = "MicroRabbit.Domain.Core", "MicroRabbit.Domain.Core\MicroRabbit.Domain.Core.csproj", "{A3B8D6DB-04A8-4F01-9B2E-C39235893982}"
EndProject
Project("{FAE04EC0-301F-11D3-BF4B-00C04F79EFBC}") = "MicroRabbit.Infra.Bus", "MicroRabbit.Infra.Bus\MicroRabbit.Infra.Bus.csproj", "{9B716420-CEF9-4244-B7FA-AA27E251FEE7}"
EndProject
Project("{FAE04EC0-301F-11D3-BF4B-00C04F79EFBC}") = "MicroRabbit.Infra.IoC", "MicroRabbit.Infra.IoC\MicroRabbit.Infra.IoC.csproj", "{6110A606-433D-4D8A-81FB-898ADE2A7A08}"
EndProject
Project("{2150E333-8FDC-42A3-9474-1A3956D46DE8}") = "Banking", "Banking", "{E0E4D153-0462-47B2-ACAD-1FF8BEF4751D}"
EndProject
Project("{2150E333-8FDC-42A3-9474-1A3956D46DE8}") = "Api", "Api", "{CEDFDBCC-BB42-4BFA-A7DD-357A4006918E}"
EndProject
Project("{2150E333-8FDC-42A3-9474-1A3956D46DE8}") = "Application", "Application", "{395C2C01-37AA-4F1A-8FFE-15A8BF0F7C9E}"
EndProject
Project("{2150E333-8FDC-42A3-9474-1A3956D46DE8}") = "Domain", "Domain", "{D7126DE0-1FF9-49DB-B51F-EBB7C7360223}"
EndProject
Project("{2150E333-8FDC-42A3-9474-1A3956D46DE8}") = "Data", "Data", "{41FCFAD0-BEEA-4B65-A0C3-866E0181A90C}"
EndProject
Project("{FAE04EC0-301F-11D3-BF4B-00C04F79EFBC}") = "MicroRabbit.Banking.Api", "MicroRabbit.Banking.Api\MicroRabbit.Banking.Api.csproj", "{ECF071F4-97FD-4C89-9516-0F09257400E0}"
EndProject
Project("{FAE04EC0-301F-11D3-BF4B-00C04F79EFBC}") = "MicroRabbit.Banking.Application", "MicroRabbit.Banking.Application\MicroRabbit.Banking.Application.csproj", "{0537B0E5-C9FF-454D-9469-2CCF3BEBF66E}"
EndProject
Project("{FAE04EC0-301F-11D3-BF4B-00C04F79EFBC}") = "MicroRabbit.Banking.Data", "MicroRabbit.Banking.Data\MicroRabbit.Banking.Data.csproj", "{2A16053B-398C-43D6-AB48-124A94E1E4E1}"
EndProject
Project("{FAE04EC0-301F-11D3-BF4B-00C04F79EFBC}") = "MicroRabbit.Banking.Domain", "MicroRabbit.Banking.Domain\MicroRabbit.Banking.Domain.csproj", "{53923A8A-3708-4C94-8B9A-4C10E0B6F841}"
EndProject
Global
	GlobalSection(SolutionConfigurationPlatforms) = preSolution
		Debug|Any CPU = Debug|Any CPU
		Release|Any CPU = Release|Any CPU
	EndGlobalSection
	GlobalSection(ProjectConfigurationPlatforms) = postSolution
		{A3B8D6DB-04A8-4F01-9B2E-C39235893982}.Debug|Any CPU.ActiveCfg = Debug|Any CPU
		{A3B8D6DB-04A8-4F01-9B2E-C39235893982}.Debug|Any CPU.Build.0 = Debug|Any CPU
		{A3B8D6DB-04A8-4F01-9B2E-C39235893982}.Release|Any CPU.ActiveCfg = Release|Any CPU
		{A3B8D6DB-04A8-4F01-9B2E-C39235893982}.Release|Any CPU.Build.0 = Release|Any CPU
		{9B716420-CEF9-4244-B7FA-AA27E251FEE7}.Debug|Any CPU.ActiveCfg = Debug|Any CPU
		{9B716420-CEF9-4244-B7FA-AA27E251FEE7}.Debug|Any CPU.Build.0 = Debug|Any CPU
		{9B716420-CEF9-4244-B7FA-AA27E251FEE7}.Release|Any CPU.ActiveCfg = Release|Any CPU
		{9B716420-CEF9-4244-B7FA-AA27E251FEE7}.Release|Any CPU.Build.0 = Release|Any CPU
		{6110A606-433D-4D8A-81FB-898ADE2A7A08}.Debug|Any CPU.ActiveCfg = Debug|Any CPU
		{6110A606-433D-4D8A-81FB-898ADE2A7A08}.Debug|Any CPU.Build.0 = Debug|Any CPU
		{6110A606-433D-4D8A-81FB-898ADE2A7A08}.Release|Any CPU.ActiveCfg = Release|Any CPU
		{6110A606-433D-4D8A-81FB-898ADE2A7A08}.Release|Any CPU.Build.0 = Release|Any CPU
		{ECF071F4-97FD-4C89-9516-0F09257400E0}.Debug|Any CPU.ActiveCfg = Debug|Any CPU
		{ECF071F4-97FD-4C89-9516-0F09257400E0}.Debug|Any CPU.Build.0 = Debug|Any CPU
		{ECF071F4-97FD-4C89-9516-0F09257400E0}.Release|Any CPU.ActiveCfg = Release|Any CPU
		{ECF071F4-97FD-4C89-9516-0F09257400E0}.Release|Any CPU.Build.0 = Release|Any CPU
		{0537B0E5-C9FF-454D-9469-2CCF3BEBF66E}.Debug|Any CPU.ActiveCfg = Debug|Any CPU
		{0537B0E5-C9FF-454D-9469-2CCF3BEBF66E}.Debug|Any CPU.Build.0 = Debug|Any CPU
		{0537B0E5-C9FF-454D-9469-2CCF3BEBF66E}.Release|Any CPU.ActiveCfg = Release|Any CPU
		{0537B0E5-C9FF-454D-9469-2CCF3BEBF66E}.Release|Any CPU.Build.0 = Release|Any CPU
		{2A16053B-398C-43D6-AB48-124A94E1E4E1}.Debug|Any CPU.ActiveCfg = Debug|Any CPU
		{2A16053B-398C-43D6-AB48-124A94E1E4E1}.Debug|Any CPU.Build.0 = Debug|Any CPU
		{2A16053B-398C-43D6-AB48-124A94E1E4E1}.Release|Any CPU.ActiveCfg = Release|Any CPU
		{2A16053B-398C-43D6-AB48-124A94E1E4E1}.Release|Any CPU.Build.0 = Release|Any CPU
		{53923A8A-3708-4C94-8B9A-4C10E0B6F841}.Debug|Any CPU.ActiveCfg = Debug|Any CPU
		{53923A8A-3708-4C94-8B9A-4C10E0B6F841}.Debug|Any CPU.Build.0 = Debug|Any CPU
		{53923A8A-3708-4C94-8B9A-4C10E0B6F841}.Release|Any CPU.ActiveCfg = Release|Any CPU
		{53923A8A-3708-4C94-8B9A-4C10E0B6F841}.Release|Any CPU.Build.0 = Release|Any CPU
	EndGlobalSection
	GlobalSection(SolutionProperties) = preSolution
		HideSolutionNode = FALSE
	EndGlobalSection
	GlobalSection(NestedProjects) = preSolution
		{A3B8D6DB-04A8-4F01-9B2E-C39235893982} = {3C1D3B32-84D2-4F95-AC3B-85E4D01F22C9}
		{9B716420-CEF9-4244-B7FA-AA27E251FEE7} = {B3625168-7AC1-4981-AA87-FA20B9E45E14}
		{6110A606-433D-4D8A-81FB-898ADE2A7A08} = {D6F1007F-F8A4-4E86-943F-4A9C958EEEB6}
		{E0E4D153-0462-47B2-ACAD-1FF8BEF4751D} = {8AE5DCE5-0786-4711-A69E-16BD8E3E9DCB}
		{CEDFDBCC-BB42-4BFA-A7DD-357A4006918E} = {E0E4D153-0462-47B2-ACAD-1FF8BEF4751D}
		{395C2C01-37AA-4F1A-8FFE-15A8BF0F7C9E} = {E0E4D153-0462-47B2-ACAD-1FF8BEF4751D}
		{D7126DE0-1FF9-49DB-B51F-EBB7C7360223} = {E0E4D153-0462-47B2-ACAD-1FF8BEF4751D}
		{41FCFAD0-BEEA-4B65-A0C3-866E0181A90C} = {E0E4D153-0462-47B2-ACAD-1FF8BEF4751D}
		{ECF071F4-97FD-4C89-9516-0F09257400E0} = {CEDFDBCC-BB42-4BFA-A7DD-357A4006918E}
		{0537B0E5-C9FF-454D-9469-2CCF3BEBF66E} = {395C2C01-37AA-4F1A-8FFE-15A8BF0F7C9E}
		{2A16053B-398C-43D6-AB48-124A94E1E4E1} = {41FCFAD0-BEEA-4B65-A0C3-866E0181A90C}
		{53923A8A-3708-4C94-8B9A-4C10E0B6F841} = {D7126DE0-1FF9-49DB-B51F-EBB7C7360223}
	EndGlobalSection
	GlobalSection(ExtensibilityGlobals) = postSolution
		SolutionGuid = {FC6ACCE8-DEDC-4F34-8EEB-EA7025F6B765}
	EndGlobalSection
EndGlobal
